
Microsoft Visual Studio Solution File, Format Version 12.00
# Visual Studio 15
VisualStudioVersion = 15.0.28010.2026
MinimumVisualStudioVersion = 10.0.40219.1
Project("{FAE04EC0-301F-11D3-BF4B-00C04F79EFBC}") = "JogoDaMemoria", "JogoDaMemoria\JogoDaMemoria.csproj", "{143FC374-EC23-445E-8D14-A36ECBC58363}"
EndProject
Global
	GlobalSection(SolutionConfigurationPlatforms) = preSolution
		Debug|Any CPU = Debug|Any CPU
		Release|Any CPU = Release|Any CPU
	EndGlobalSection
	GlobalSection(ProjectConfigurationPlatforms) = postSolution
		{143FC374-EC23-445E-8D14-A36ECBC58363}.Debug|Any CPU.ActiveCfg = Debug|Any CPU
		{143FC374-EC23-445E-8D14-A36ECBC58363}.Debug|Any CPU.Build.0 = Debug|Any CPU
		{143FC374-EC23-445E-8D14-A36ECBC58363}.Release|Any CPU.ActiveCfg = Release|Any CPU
		{143FC374-EC23-445E-8D14-A36ECBC58363}.Release|Any CPU.Build.0 = Release|Any CPU
	EndGlobalSection
	GlobalSection(SolutionProperties) = preSolution
		HideSolutionNode = FALSE
	EndGlobalSection
	GlobalSection(ExtensibilityGlobals) = postSolution
		SolutionGuid = {BE846A28-6741-44BE-A9CC-FFEF4FF2E225}
	EndGlobalSection
EndGlobal
